# This file is generated by running "yarn install" inside your project.
# Manual changes might be lost - proceed with caution!

__metadata:
  version: 6
  cacheKey: 8

"@babel/code-frame@npm:^7.23.5":
  version: 7.23.5
  resolution: "@babel/code-frame@npm:7.23.5"
  dependencies:
    "@babel/highlight": ^7.23.4
    chalk: ^2.4.2
  checksum: d90981fdf56a2824a9b14d19a4c0e8db93633fd488c772624b4e83e0ceac6039a27cd298a247c3214faa952bf803ba23696172ae7e7235f3b97f43ba278c569a
  languageName: node
  linkType: hard

"@babel/generator@npm:^7.23.6":
  version: 7.23.6
  resolution: "@babel/generator@npm:7.23.6"
  dependencies:
    "@babel/types": ^7.23.6
    "@jridgewell/gen-mapping": ^0.3.2
    "@jridgewell/trace-mapping": ^0.3.17
    jsesc: ^2.5.1
  checksum: 1a1a1c4eac210f174cd108d479464d053930a812798e09fee069377de39a893422df5b5b146199ead7239ae6d3a04697b45fc9ac6e38e0f6b76374390f91fc6c
  languageName: node
  linkType: hard

"@babel/helper-environment-visitor@npm:^7.22.20":
  version: 7.22.20
  resolution: "@babel/helper-environment-visitor@npm:7.22.20"
  checksum: d80ee98ff66f41e233f36ca1921774c37e88a803b2f7dca3db7c057a5fea0473804db9fb6729e5dbfd07f4bed722d60f7852035c2c739382e84c335661590b69
  languageName: node
  linkType: hard

"@babel/helper-function-name@npm:^7.23.0":
  version: 7.23.0
  resolution: "@babel/helper-function-name@npm:7.23.0"
  dependencies:
    "@babel/template": ^7.22.15
    "@babel/types": ^7.23.0
  checksum: e44542257b2d4634a1f979244eb2a4ad8e6d75eb6761b4cfceb56b562f7db150d134bc538c8e6adca3783e3bc31be949071527aa8e3aab7867d1ad2d84a26e10
  languageName: node
  linkType: hard

"@babel/helper-hoist-variables@npm:^7.22.5":
  version: 7.22.5
  resolution: "@babel/helper-hoist-variables@npm:7.22.5"
  dependencies:
    "@babel/types": ^7.22.5
  checksum: 394ca191b4ac908a76e7c50ab52102669efe3a1c277033e49467913c7ed6f7c64d7eacbeabf3bed39ea1f41731e22993f763b1edce0f74ff8563fd1f380d92cc
  languageName: node
  linkType: hard

"@babel/helper-split-export-declaration@npm:^7.22.6":
  version: 7.22.6
  resolution: "@babel/helper-split-export-declaration@npm:7.22.6"
  dependencies:
    "@babel/types": ^7.22.5
  checksum: e141cace583b19d9195f9c2b8e17a3ae913b7ee9b8120246d0f9ca349ca6f03cb2c001fd5ec57488c544347c0bb584afec66c936511e447fd20a360e591ac921
  languageName: node
  linkType: hard

"@babel/helper-string-parser@npm:^7.23.4":
  version: 7.23.4
  resolution: "@babel/helper-string-parser@npm:7.23.4"
  checksum: c0641144cf1a7e7dc93f3d5f16d5327465b6cf5d036b48be61ecba41e1eece161b48f46b7f960951b67f8c3533ce506b16dece576baef4d8b3b49f8c65410f90
  languageName: node
  linkType: hard

"@babel/helper-validator-identifier@npm:^7.22.20":
  version: 7.22.20
  resolution: "@babel/helper-validator-identifier@npm:7.22.20"
  checksum: 136412784d9428266bcdd4d91c32bcf9ff0e8d25534a9d94b044f77fe76bc50f941a90319b05aafd1ec04f7d127cd57a179a3716009ff7f3412ef835ada95bdc
  languageName: node
  linkType: hard

"@babel/highlight@npm:^7.23.4":
  version: 7.23.4
  resolution: "@babel/highlight@npm:7.23.4"
  dependencies:
    "@babel/helper-validator-identifier": ^7.22.20
    chalk: ^2.4.2
    js-tokens: ^4.0.0
  checksum: 643acecdc235f87d925979a979b539a5d7d1f31ae7db8d89047269082694122d11aa85351304c9c978ceeb6d250591ccadb06c366f358ccee08bb9c122476b89
  languageName: node
  linkType: hard

"@babel/parser@npm:^7.23.9":
  version: 7.23.9
  resolution: "@babel/parser@npm:7.23.9"
  bin:
    parser: ./bin/babel-parser.js
  checksum: e7cd4960ac8671774e13803349da88d512f9292d7baa952173260d3e8f15620a28a3701f14f709d769209022f9e7b79965256b8be204fc550cfe783cdcabe7c7
  languageName: node
  linkType: hard

"@babel/template@npm:^7.22.15":
  version: 7.23.9
  resolution: "@babel/template@npm:7.23.9"
  dependencies:
    "@babel/code-frame": ^7.23.5
    "@babel/parser": ^7.23.9
    "@babel/types": ^7.23.9
  checksum: 6e67414c0f7125d7ecaf20c11fab88085fa98a96c3ef10da0a61e962e04fdf3a18a496a66047005ddd1bb682a7cc7842d556d1db2f3f3f6ccfca97d5e445d342
  languageName: node
  linkType: hard

"@babel/traverse@npm:^7.23.9":
  version: 7.23.9
  resolution: "@babel/traverse@npm:7.23.9"
  dependencies:
    "@babel/code-frame": ^7.23.5
    "@babel/generator": ^7.23.6
    "@babel/helper-environment-visitor": ^7.22.20
    "@babel/helper-function-name": ^7.23.0
    "@babel/helper-hoist-variables": ^7.22.5
    "@babel/helper-split-export-declaration": ^7.22.6
    "@babel/parser": ^7.23.9
    "@babel/types": ^7.23.9
    debug: ^4.3.1
    globals: ^11.1.0
  checksum: a932f7aa850e158c00c97aad22f639d48c72805c687290f6a73e30c5c4957c07f5d28310c9bf59648e2980fe6c9d16adeb2ff92a9ca0f97fa75739c1328fc6c3
  languageName: node
  linkType: hard

"@babel/types@npm:^7.22.5, @babel/types@npm:^7.23.0, @babel/types@npm:^7.23.6, @babel/types@npm:^7.23.9, @babel/types@npm:^7.8.3":
  version: 7.23.9
  resolution: "@babel/types@npm:7.23.9"
  dependencies:
    "@babel/helper-string-parser": ^7.23.4
    "@babel/helper-validator-identifier": ^7.22.20
    to-fast-properties: ^2.0.0
  checksum: 0a9b008e9bfc89beb8c185e620fa0f8ed6c771f1e1b2e01e1596870969096fec7793898a1d64a035176abf1dd13e2668ee30bf699f2d92c210a8128f4b151e65
  languageName: node
  linkType: hard

"@jridgewell/gen-mapping@npm:^0.3.2":
  version: 0.3.3
  resolution: "@jridgewell/gen-mapping@npm:0.3.3"
  dependencies:
    "@jridgewell/set-array": ^1.0.1
    "@jridgewell/sourcemap-codec": ^1.4.10
    "@jridgewell/trace-mapping": ^0.3.9
  checksum: 4a74944bd31f22354fc01c3da32e83c19e519e3bbadafa114f6da4522ea77dd0c2842607e923a591d60a76699d819a2fbb6f3552e277efdb9b58b081390b60ab
  languageName: node
  linkType: hard

"@jridgewell/resolve-uri@npm:^3.1.0":
  version: 3.1.2
  resolution: "@jridgewell/resolve-uri@npm:3.1.2"
  checksum: 83b85f72c59d1c080b4cbec0fef84528963a1b5db34e4370fa4bd1e3ff64a0d80e0cee7369d11d73c704e0286fb2865b530acac7a871088fbe92b5edf1000870
  languageName: node
  linkType: hard

"@jridgewell/set-array@npm:^1.0.1":
  version: 1.1.2
  resolution: "@jridgewell/set-array@npm:1.1.2"
  checksum: 69a84d5980385f396ff60a175f7177af0b8da4ddb81824cb7016a9ef914eee9806c72b6b65942003c63f7983d4f39a5c6c27185bbca88eb4690b62075602e28e
  languageName: node
  linkType: hard

"@jridgewell/sourcemap-codec@npm:^1.4.10, @jridgewell/sourcemap-codec@npm:^1.4.14":
  version: 1.4.15
  resolution: "@jridgewell/sourcemap-codec@npm:1.4.15"
  checksum: b881c7e503db3fc7f3c1f35a1dd2655a188cc51a3612d76efc8a6eb74728bef5606e6758ee77423e564092b4a518aba569bbb21c9bac5ab7a35b0c6ae7e344c8
  languageName: node
  linkType: hard

"@jridgewell/trace-mapping@npm:^0.3.17, @jridgewell/trace-mapping@npm:^0.3.9":
  version: 0.3.22
  resolution: "@jridgewell/trace-mapping@npm:0.3.22"
  dependencies:
    "@jridgewell/resolve-uri": ^3.1.0
    "@jridgewell/sourcemap-codec": ^1.4.14
  checksum: ac7dd2cfe0b479aa1b81776d40d789243131cc792dc8b6b6a028c70fcd6171958ae1a71bf67b618ffe3c0c3feead9870c095ee46a5e30319410d92976b28f498
  languageName: node
  linkType: hard

"ansi-styles@npm:^3.2.1":
  version: 3.2.1
  resolution: "ansi-styles@npm:3.2.1"
  dependencies:
    color-convert: ^1.9.0
  checksum: d85ade01c10e5dd77b6c89f34ed7531da5830d2cb5882c645f330079975b716438cd7ebb81d0d6e6b4f9c577f19ae41ab55f07f19786b02f9dfd9e0377395665
  languageName: node
  linkType: hard

"babel-plugin-react-native-ustyle@workspace:.":
  version: 0.0.0-use.local
  resolution: "babel-plugin-react-native-ustyle@workspace:."
  dependencies:
    "@babel/parser": ^7.23.9
    "@babel/traverse": ^7.23.9
  languageName: unknown
  linkType: soft

"chalk@npm:^2.4.2":
  version: 2.4.2
  resolution: "chalk@npm:2.4.2"
  dependencies:
    ansi-styles: ^3.2.1
    escape-string-regexp: ^1.0.5
    supports-color: ^5.3.0
  checksum: ec3661d38fe77f681200f878edbd9448821924e0f93a9cefc0e26a33b145f1027a2084bf19967160d11e1f03bfe4eaffcabf5493b89098b2782c3fe0b03d80c2
  languageName: node
  linkType: hard

"color-convert@npm:^1.9.0":
  version: 1.9.3
  resolution: "color-convert@npm:1.9.3"
  dependencies:
    color-name: 1.1.3
  checksum: fd7a64a17cde98fb923b1dd05c5f2e6f7aefda1b60d67e8d449f9328b4e53b228a428fd38bfeaeb2db2ff6b6503a776a996150b80cdf224062af08a5c8a3a203
  languageName: node
  linkType: hard

"color-name@npm:1.1.3":
  version: 1.1.3
  resolution: "color-name@npm:1.1.3"
  checksum: 09c5d3e33d2105850153b14466501f2bfb30324a2f76568a408763a3b7433b0e50e5b4ab1947868e65cb101bb7cb75029553f2c333b6d4b8138a73fcc133d69d
  languageName: node
  linkType: hard

"debug@npm:^4.3.1":
  version: 4.3.4
  resolution: "debug@npm:4.3.4"
  dependencies:
    ms: 2.1.2
  peerDependenciesMeta:
    supports-color:
      optional: true
  checksum: 3dbad3f94ea64f34431a9cbf0bafb61853eda57bff2880036153438f50fb5a84f27683ba0d8e5426bf41a8c6ff03879488120cf5b3a761e77953169c0600a708
  languageName: node
  linkType: hard

"escape-string-regexp@npm:^1.0.5":
  version: 1.0.5
  resolution: "escape-string-regexp@npm:1.0.5"
  checksum: 6092fda75c63b110c706b6a9bfde8a612ad595b628f0bd2147eea1d3406723020810e591effc7db1da91d80a71a737a313567c5abb3813e8d9c71f4aa595b410
  languageName: node
  linkType: hard

"globals@npm:^11.1.0":
  version: 11.12.0
  resolution: "globals@npm:11.12.0"
  checksum: 67051a45eca3db904aee189dfc7cd53c20c7d881679c93f6146ddd4c9f4ab2268e68a919df740d39c71f4445d2b38ee360fc234428baea1dbdfe68bbcb46979e
  languageName: node
  linkType: hard

"has-flag@npm:^3.0.0":
  version: 3.0.0
  resolution: "has-flag@npm:3.0.0"
  checksum: 4a15638b454bf086c8148979aae044dd6e39d63904cd452d970374fa6a87623423da485dfb814e7be882e05c096a7ccf1ebd48e7e7501d0208d8384ff4dea73b
  languageName: node
  linkType: hard

"js-tokens@npm:^4.0.0":
  version: 4.0.0
  resolution: "js-tokens@npm:4.0.0"
  checksum: 8a95213a5a77deb6cbe94d86340e8d9ace2b93bc367790b260101d2f36a2eaf4e4e22d9fa9cf459b38af3a32fb4190e638024cf82ec95ef708680e405ea7cc78
  languageName: node
  linkType: hard

"jsesc@npm:^2.5.1":
  version: 2.5.2
  resolution: "jsesc@npm:2.5.2"
  bin:
    jsesc: bin/jsesc
  checksum: 4dc190771129e12023f729ce20e1e0bfceac84d73a85bc3119f7f938843fe25a4aeccb54b6494dce26fcf263d815f5f31acdefac7cc9329efb8422a4f4d9fa9d
  languageName: node
  linkType: hard

"ms@npm:2.1.2":
  version: 2.1.2
  resolution: "ms@npm:2.1.2"
  checksum: 673cdb2c3133eb050c745908d8ce632ed2c02d85640e2edb3ace856a2266a813b30c613569bf3354fdf4ea7d1a1494add3bfa95e2713baa27d0c2c71fc44f58f
  languageName: node
  linkType: hard

"supports-color@npm:^5.3.0":
  version: 5.5.0
  resolution: "supports-color@npm:5.5.0"
  dependencies:
    has-flag: ^3.0.0
  checksum: 95f6f4ba5afdf92f495b5a912d4abee8dcba766ae719b975c56c084f5004845f6f5a5f7769f52d53f40e21952a6d87411bafe34af4a01e65f9926002e38e1dac
  languageName: node
  linkType: hard

"to-fast-properties@npm:^2.0.0":
  version: 2.0.0
  resolution: "to-fast-properties@npm:2.0.0"
  checksum: be2de62fe58ead94e3e592680052683b1ec986c72d589e7b21e5697f8744cdbf48c266fa72f6c15932894c10187b5f54573a3bcf7da0bfd964d5caf23d436168
  languageName: node
  linkType: hard
